
Microsoft Visual Studio Solution File, Format Version 12.00
# Visual Studio Version 17
VisualStudioVersion = 17.2.32516.85
MinimumVisualStudioVersion = 10.0.40219.1
Project("{FAE04EC0-301F-11D3-BF4B-00C04F79EFBC}") = "PO_Proj_Zal", "PO_Proj_Zal.csproj", "{69ADF4B1-D2A8-4EAE-86B3-16592D40A135}"
EndProject
Global
	GlobalSection(SolutionConfigurationPlatforms) = preSolution
		Debug|Any CPU = Debug|Any CPU
		Release|Any CPU = Release|Any CPU
	EndGlobalSection
	GlobalSection(ProjectConfigurationPlatforms) = postSolution
		{69ADF4B1-D2A8-4EAE-86B3-16592D40A135}.Debug|Any CPU.ActiveCfg = Debug|Any CPU
		{69ADF4B1-D2A8-4EAE-86B3-16592D40A135}.Debug|Any CPU.Build.0 = Debug|Any CPU
		{69ADF4B1-D2A8-4EAE-86B3-16592D40A135}.Release|Any CPU.ActiveCfg = Release|Any CPU
		{69ADF4B1-D2A8-4EAE-86B3-16592D40A135}.Release|Any CPU.Build.0 = Release|Any CPU
	EndGlobalSection
	GlobalSection(SolutionProperties) = preSolution
		HideSolutionNode = FALSE
	EndGlobalSection
	GlobalSection(ExtensibilityGlobals) = postSolution
		SolutionGuid = {0C0D7FC1-0E1B-4AC2-8277-6D43C9348E43}
	EndGlobalSection
EndGlobal
